// !$*UTF8*$!
{
	archiveVersion = 1;
	classes = {
	};
	objectVersion = 48;
	objects = {

/* Begin PBXBuildFile section */
		5B5021FE210D68A200663CE5 /* main.m in Sources */ = {isa = PBXBuildFile; fileRef = 5B5021FD210D68A200663CE5 /* main.m */; };
		5BCEE3A4210D69BB008183CB /* MCUtil.m in Sources */ = {isa = PBXBuildFile; fileRef = 5BCEE3A3210D69BB008183CB /* MCUtil.m */; };
		5BCEE3A7210D6A66008183CB /* MCDriverTest.m in Sources */ = {isa = PBXBuildFile; fileRef = 5BCEE3A6210D6A66008183CB /* MCDriverTest.m */; };
		5BCEE3AB210D6AD0008183CB /* MCDriver.m in Sources */ = {isa = PBXBuildFile; fileRef = 5BCEE3AA210D6AD0008183CB /* MCDriver.m */; };
/* End PBXBuildFile section */

/* Begin PBXCopyFilesBuildPhase section */
		5B5021F8210D68A200663CE5 /* CopyFiles */ = {
			isa = PBXCopyFilesBuildPhase;
			buildActionMask = 2147483647;
			dstPath = /usr/share/man/man1/;
			dstSubfolderSpec = 0;
			files = (
			);
			runOnlyForDeploymentPostprocessing = 1;
		};
/* End PBXCopyFilesBuildPhase section */

/* Begin PBXFileReference section */
		5B5021FA210D68A200663CE5 /* ExaminationTest */ = {isa = PBXFileReference; explicitFileType = "compiled.mach-o.executable"; includeInIndex = 0; path = ExaminationTest; sourceTree = BUILT_PRODUCTS_DIR; };
		5B5021FD210D68A200663CE5 /* main.m */ = {isa = PBXFileReference; lastKnownFileType = sourcecode.c.objc; path = main.m; sourceTree = "<group>"; };
		5BCEE3A2210D69BB008183CB /* MCUtil.h */ = {isa = PBXFileReference; lastKnownFileType = sourcecode.c.h; path = MCUtil.h; sourceTree = "<group>"; };
		5BCEE3A3210D69BB008183CB /* MCUtil.m */ = {isa = PBXFileReference; lastKnownFileType = sourcecode.c.objc; path = MCUtil.m; sourceTree = "<group>"; };
		5BCEE3A5210D6A66008183CB /* MCDriverTest.h */ = {isa = PBXFileReference; lastKnownFileType = sourcecode.c.h; path = MCDriverTest.h; sourceTree = "<group>"; };
		5BCEE3A6210D6A66008183CB /* MCDriverTest.m */ = {isa = PBXFileReference; lastKnownFileType = sourcecode.c.objc; path = MCDriverTest.m; sourceTree = "<group>"; };
		5BCEE3A9210D6AD0008183CB /* MCDriver.h */ = {isa = PBXFileReference; lastKnownFileType = sourcecode.c.h; path = MCDriver.h; sourceTree = "<group>"; };
		5BCEE3AA210D6AD0008183CB /* MCDriver.m */ = {isa = PBXFileReference; lastKnownFileType = sourcecode.c.objc; path = MCDriver.m; sourceTree = "<group>"; };
		5BCEE3AD210D6B68008183CB /* MCDriverInterface.h */ = {isa = PBXFileReference; lastKnownFileType = sourcecode.c.h; path = MCDriverInterface.h; sourceTree = "<group>"; };
/* End PBXFileReference section */

/* Begin PBXFrameworksBuildPhase section */
		5B5021F7210D68A200663CE5 /* Frameworks */ = {
			isa = PBXFrameworksBuildPhase;
			buildActionMask = 2147483647;
			files = (
			);
			runOnlyForDeploymentPostprocessing = 0;
		};
/* End PBXFrameworksBuildPhase section */

/* Begin PBXGroup section */
		5B5021F1210D68A200663CE5 = {
			isa = PBXGroup;
			children = (
				5B5021FC210D68A200663CE5 /* ExaminationTest */,
				5B5021FB210D68A200663CE5 /* Products */,
			);
			sourceTree = "<group>";
		};
		5B5021FB210D68A200663CE5 /* Products */ = {
			isa = PBXGroup;
			children = (
				5B5021FA210D68A200663CE5 /* ExaminationTest */,
			);
			name = Products;
			sourceTree = "<group>";
		};
		5B5021FC210D68A200663CE5 /* ExaminationTest */ = {
			isa = PBXGroup;
			children = (
				5BCEE3A8210D6A96008183CB /* Module */,
				5B5021FD210D68A200663CE5 /* main.m */,
				5BCEE3A2210D69BB008183CB /* MCUtil.h */,
				5BCEE3A3210D69BB008183CB /* MCUtil.m */,
				5BCEE3A5210D6A66008183CB /* MCDriverTest.h */,
				5BCEE3A6210D6A66008183CB /* MCDriverTest.m */,
			);
			path = ExaminationTest;
			sourceTree = "<group>";
		};
		5BCEE3A8210D6A96008183CB /* Module */ = {
			isa = PBXGroup;
			children = (
				5BCEE3AC210D6B50008183CB /* Interface */,
				5BCEE3A9210D6AD0008183CB /* MCDriver.h */,
				5BCEE3AA210D6AD0008183CB /* MCDriver.m */,
			);
			path = Module;
			sourceTree = "<group>";
		};
		5BCEE3AC210D6B50008183CB /* Interface */ = {
			isa = PBXGroup;
			children = (
				5BCEE3AD210D6B68008183CB /* MCDriverInterface.h */,
			);
			path = Interface;
			sourceTree = "<group>";
		};
/* End PBXGroup section */

/* Begin PBXNativeTarget section */
		5B5021F9210D68A200663CE5 /* ExaminationTest */ = {
			isa = PBXNativeTarget;
			buildConfigurationList = 5B502201210D68A200663CE5 /* Build configuration list for PBXNativeTarget "ExaminationTest" */;
			buildPhases = (
				5B5021F6210D68A200663CE5 /* Sources */,
				5B5021F7210D68A200663CE5 /* Frameworks */,
				5B5021F8210D68A200663CE5 /* CopyFiles */,
			);
			buildRules = (
			);
			dependencies = (
			);
			name = ExaminationTest;
			productName = ExaminationTest;
			productReference = 5B5021FA210D68A200663CE5 /* ExaminationTest */;
			productType = "com.apple.product-type.tool";
		};
/* End PBXNativeTarget section */

/* Begin PBXProject section */
		5B5021F2210D68A200663CE5 /* Project object */ = {
			isa = PBXProject;
			attributes = {
				LastUpgradeCheck = 0910;
				ORGANIZATIONNAME = "M君";
				TargetAttributes = {
					5B5021F9210D68A200663CE5 = {
						CreatedOnToolsVersion = 9.1;
						ProvisioningStyle = Automatic;
					};
				};
			};
			buildConfigurationList = 5B5021F5210D68A200663CE5 /* Build configuration list for PBXProject "ExaminationTest" */;
			compatibilityVersion = "Xcode 8.0";
			developmentRegion = en;
			hasScannedForEncodings = 0;
			knownRegions = (
				en,
			);
			mainGroup = 5B5021F1210D68A200663CE5;
			productRefGroup = 5B5021FB210D68A200663CE5 /* Products */;
			projectDirPath = "";
			projectRoot = "";
			targets = (
				5B5021F9210D68A200663CE5 /* ExaminationTest */,
			);
		};
/* End PBXProject section */

/* Begin PBXSourcesBuildPhase section */
		5B5021F6210D68A200663CE5 /* Sources */ = {
			isa = PBXSourcesBuildPhase;
			buildActionMask = 2147483647;
			files = (
				5B5021FE210D68A200663CE5 /* main.m in Sources */,
				5BCEE3AB210D6AD0008183CB /* MCDriver.m in Sources */,
				5BCEE3A4210D69BB008183CB /* MCUtil.m in Sources */,
				5BCEE3A7210D6A66008183CB /* MCDriverTest.m in Sources */,
			);
			runOnlyForDeploymentPostprocessing = 0;
		};
/* End PBXSourcesBuildPhase section */

/* Begin XCBuildConfiguration section */
		5B5021FF210D68A200663CE5 /* Debug */ = {
			isa = XCBuildConfiguration;
			buildSettings = {
				ALWAYS_SEARCH_USER_PATHS = NO;
				CLANG_ANALYZER_NONNULL = YES;
				CLANG_ANALYZER_NUMBER_OBJECT_CONVERSION = YES_AGGRESSIVE;
				CLANG_CXX_LANGUAGE_STANDARD = "gnu++14";
				CLANG_CXX_LIBRARY = "libc++";
				CLANG_ENABLE_MODULES = YES;
				CLANG_ENABLE_OBJC_ARC = YES;
				CLANG_WARN_BLOCK_CAPTURE_AUTORELEASING = YES;
				CLANG_WARN_BOOL_CONVERSION = YES;
				CLANG_WARN_COMMA = YES;
				CLANG_WARN_CONSTANT_CONVERSION = YES;
				CLANG_WARN_DIRECT_OBJC_ISA_USAGE = YES_ERROR;
				CLANG_WARN_DOCUMENTATION_COMMENTS = YES;
				CLANG_WARN_EMPTY_BODY = YES;
				CLANG_WARN_ENUM_CONVERSION = YES;
				CLANG_WARN_INFINITE_RECURSION = YES;
				CLANG_WARN_INT_CONVERSION = YES;
				CLANG_WARN_NON_LITERAL_NULL_CONVERSION = YES;
				CLANG_WARN_OBJC_LITERAL_CONVERSION = YES;
				CLANG_WARN_OBJC_ROOT_CLASS = YES_ERROR;
				CLANG_WARN_RANGE_LOOP_ANALYSIS = YES;
				CLANG_WARN_STRICT_PROTOTYPES = YES;
				CLANG_WARN_SUSPICIOUS_MOVE = YES;
				CLANG_WARN_UNGUARDED_AVAILABILITY = YES_AGGRESSIVE;
				CLANG_WARN_UNREACHABLE_CODE = YES;
				CLANG_WARN__DUPLICATE_METHOD_MATCH = YES;
				CODE_SIGN_IDENTITY = "-";
				COPY_PHASE_STRIP = NO;
				DEBUG_INFORMATION_FORMAT = dwarf;
				ENABLE_STRICT_OBJC_MSGSEND = YES;
				ENABLE_TESTABILITY = YES;
				GCC_C_LANGUAGE_STANDARD = gnu11;
				GCC_DYNAMIC_NO_PIC = NO;
				GCC_NO_COMMON_BLOCKS = YES;
				GCC_OPTIMIZATION_LEVEL = 0;
				GCC_PREPROCESSOR_DEFINITIONS = (
					"DEBUG=1",
					"$(inherited)",
				);
				GCC_WARN_64_TO_32_BIT_CONVERSION = YES;
				GCC_WARN_ABOUT_RETURN_TYPE = YES_ERROR;
				GCC_WARN_UNDECLARED_SELECTOR = YES;
				GCC_WARN_UNINITIALIZED_AUTOS = YES_AGGRESSIVE;
				GCC_WARN_UNUSED_FUNCTION = YES;
				GCC_WARN_UNUSED_VARIABLE = YES;
				MACOSX_DEPLOYMENT_TARGET = 10.13;
				MTL_ENABLE_DEBUG_INFO = YES;
				ONLY_ACTIVE_ARCH = YES;
				SDKROOT = macosx;
			};
			name = Debug;
		};
		5B502200210D68A200663CE5 /* Release */ = {
			isa = XCBuildConfiguration;
			buildSettings = {
				ALWAYS_SEARCH_USER_PATHS = NO;
				CLANG_ANALYZER_NONNULL = YES;
				CLANG_ANALYZER_NUMBER_OBJECT_CONVERSION = YES_AGGRESSIVE;
				CLANG_CXX_LANGUAGE_STANDARD = "gnu++14";
				CLANG_CXX_LIBRARY = "libc++";
				CLANG_ENABLE_MODULES = YES;
				CLANG_ENABLE_OBJC_ARC = YES;
				CLANG_WARN_BLOCK_CAPTURE_AUTORELEASING = YES;
				CLANG_WARN_BOOL_CONVERSION = YES;
				CLANG_WARN_COMMA = YES;
				CLANG_WARN_CONSTANT_CONVERSION = YES;
				CLANG_WARN_DIRECT_OBJC_ISA_USAGE = YES_ERROR;
				CLANG_WARN_DOCUMENTATION_COMMENTS = YES;
				CLANG_WARN_EMPTY_BODY = YES;
				CLANG_WARN_ENUM_CONVERSION = YES;
				CLANG_WARN_INFINITE_RECURSION = YES;
				CLANG_WARN_INT_CONVERSION = YES;
				CLANG_WARN_NON_LITERAL_NULL_CONVERSION = YES;
				CLANG_WARN_OBJC_LITERAL_CONVERSION = YES;
				CLANG_WARN_OBJC_ROOT_CLASS = YES_ERROR;
				CLANG_WARN_RANGE_LOOP_ANALYSIS = YES;
				CLANG_WARN_STRICT_PROTOTYPES = YES;
				CLANG_WARN_SUSPICIOUS_MOVE = YES;
				CLANG_WARN_UNGUARDED_AVAILABILITY = YES_AGGRESSIVE;
				CLANG_WARN_UNREACHABLE_CODE = YES;
				CLANG_WARN__DUPLICATE_METHOD_MATCH = YES;
				CODE_SIGN_IDENTITY = "-";
				COPY_PHASE_STRIP = NO;
				DEBUG_INFORMATION_FORMAT = "dwarf-with-dsym";
				ENABLE_NS_ASSERTIONS = NO;
				ENABLE_STRICT_OBJC_MSGSEND = YES;
				GCC_C_LANGUAGE_STANDARD = gnu11;
				GCC_NO_COMMON_BLOCKS = YES;
				GCC_WARN_64_TO_32_BIT_CONVERSION = YES;
				GCC_WARN_ABOUT_RETURN_TYPE = YES_ERROR;
				GCC_WARN_UNDECLARED_SELECTOR = YES;
				GCC_WARN_UNINITIALIZED_AUTOS = YES_AGGRESSIVE;
				GCC_WARN_UNUSED_FUNCTION = YES;
				GCC_WARN_UNUSED_VARIABLE = YES;
				MACOSX_DEPLOYMENT_TARGET = 10.13;
				MTL_ENABLE_DEBUG_INFO = NO;
				SDKROOT = macosx;
			};
			name = Release;
		};
		5B502202210D68A200663CE5 /* Debug */ = {
			isa = XCBuildConfiguration;
			buildSettings = {
				CODE_SIGN_STYLE = Automatic;
				PRODUCT_NAME = "$(TARGET_NAME)";
			};
			name = Debug;
		};
		5B502203210D68A200663CE5 /* Release */ = {
			isa = XCBuildConfiguration;
			buildSettings = {
				CODE_SIGN_STYLE = Automatic;
				PRODUCT_NAME = "$(TARGET_NAME)";
			};
			name = Release;
		};
/* End XCBuildConfiguration section */

/* Begin XCConfigurationList section */
		5B5021F5210D68A200663CE5 /* Build configuration list for PBXProject "ExaminationTest" */ = {
			isa = XCConfigurationList;
			buildConfigurations = (
				5B5021FF210D68A200663CE5 /* Debug */,
				5B502200210D68A200663CE5 /* Release */,
			);
			defaultConfigurationIsVisible = 0;
			defaultConfigurationName = Release;
		};
		5B502201210D68A200663CE5 /* Build configuration list for PBXNativeTarget "ExaminationTest" */ = {
			isa = XCConfigurationList;
			buildConfigurations = (
				5B502202210D68A200663CE5 /* Debug */,
				5B502203210D68A200663CE5 /* Release */,
			);
			defaultConfigurationIsVisible = 0;
			defaultConfigurationName = Release;
		};
/* End XCConfigurationList section */
	};
	rootObject = 5B5021F2210D68A200663CE5 /* Project object */;
}
